
Microsoft Visual Studio Solution File, Format Version 12.00
# Visual Studio Version 17
VisualStudioVersion = 17.5.33530.505
MinimumVisualStudioVersion = 10.0.40219.1
Project("{8BC9CEB8-8B4A-11D0-8D11-00A0C91BC942}") = "HW_16_composition_agregation", "HW_16_composition_agregation.vcxproj", "{5209A1D4-4AAB-4721-ADDB-6B4E2EAB9174}"
EndProject
Global
	GlobalSection(SolutionConfigurationPlatforms) = preSolution
		Debug|x64 = Debug|x64
		Debug|x86 = Debug|x86
		Release|x64 = Release|x64
		Release|x86 = Release|x86
	EndGlobalSection
	GlobalSection(ProjectConfigurationPlatforms) = postSolution
		{5209A1D4-4AAB-4721-ADDB-6B4E2EAB9174}.Debug|x64.ActiveCfg = Debug|x64
		{5209A1D4-4AAB-4721-ADDB-6B4E2EAB9174}.Debug|x64.Build.0 = Debug|x64
		{5209A1D4-4AAB-4721-ADDB-6B4E2EAB9174}.Debug|x86.ActiveCfg = Debug|Win32
		{5209A1D4-4AAB-4721-ADDB-6B4E2EAB9174}.Debug|x86.Build.0 = Debug|Win32
		{5209A1D4-4AAB-4721-ADDB-6B4E2EAB9174}.Release|x64.ActiveCfg = Release|x64
		{5209A1D4-4AAB-4721-ADDB-6B4E2EAB9174}.Release|x64.Build.0 = Release|x64
		{5209A1D4-4AAB-4721-ADDB-6B4E2EAB9174}.Release|x86.ActiveCfg = Release|Win32
		{5209A1D4-4AAB-4721-ADDB-6B4E2EAB9174}.Release|x86.Build.0 = Release|Win32
	EndGlobalSection
	GlobalSection(SolutionProperties) = preSolution
		HideSolutionNode = FALSE
	EndGlobalSection
	GlobalSection(ExtensibilityGlobals) = postSolution
		SolutionGuid = {D60E707D-3B64-4AB0-AF2F-0E5AEA3EEDB4}
	EndGlobalSection
EndGlobal
